
Microsoft Visual Studio Solution File, Format Version 12.00
# Visual Studio Version 16
VisualStudioVersion = 16.0.33328.57
MinimumVisualStudioVersion = 10.0.40219.1
Project("{FAE04EC0-301F-11D3-BF4B-00C04F79EFBC}") = "EmployeeRecordsAdministration", "EmployeeRecordsAdministration\EmployeeRecordsAdministration.csproj", "{1211721A-FB25-423C-8FCE-EC4EA573455B}"
EndProject
Project("{FAE04EC0-301F-11D3-BF4B-00C04F79EFBC}") = "ModelLibrary", "ModelLibrary\ModelLibrary.csproj", "{62360399-EC59-46E0-86D3-6F983823B2F1}"
EndProject
Global
	GlobalSection(SolutionConfigurationPlatforms) = preSolution
		Debug|Any CPU = Debug|Any CPU
		Release|Any CPU = Release|Any CPU
	EndGlobalSection
	GlobalSection(ProjectConfigurationPlatforms) = postSolution
		{1211721A-FB25-423C-8FCE-EC4EA573455B}.Debug|Any CPU.ActiveCfg = Debug|Any CPU
		{1211721A-FB25-423C-8FCE-EC4EA573455B}.Debug|Any CPU.Build.0 = Debug|Any CPU
		{1211721A-FB25-423C-8FCE-EC4EA573455B}.Release|Any CPU.ActiveCfg = Release|Any CPU
		{1211721A-FB25-423C-8FCE-EC4EA573455B}.Release|Any CPU.Build.0 = Release|Any CPU
		{62360399-EC59-46E0-86D3-6F983823B2F1}.Debug|Any CPU.ActiveCfg = Debug|Any CPU
		{62360399-EC59-46E0-86D3-6F983823B2F1}.Debug|Any CPU.Build.0 = Debug|Any CPU
		{62360399-EC59-46E0-86D3-6F983823B2F1}.Release|Any CPU.ActiveCfg = Release|Any CPU
		{62360399-EC59-46E0-86D3-6F983823B2F1}.Release|Any CPU.Build.0 = Release|Any CPU
	EndGlobalSection
	GlobalSection(SolutionProperties) = preSolution
		HideSolutionNode = FALSE
	EndGlobalSection
	GlobalSection(ExtensibilityGlobals) = postSolution
		SolutionGuid = {A2305BDE-818B-4D1E-A934-6DE88163D50C}
	EndGlobalSection
EndGlobal
